{
  "version": 1,
  "dependencies": {
    "net10.0": {
      "Tmds.DBus": {
        "type": "Direct",
        "requested": "[0.95.1, )",
        "resolved": "0.95.1",
        "contentHash": "2mLo+choDFkVlpYN1dcAmFESclH/LoMGg4whvvV4RFM9xbBniRwqNb0/Fe3/z4RCzXSQi+Gb6SzM2c19WcoP3Q=="
      },
      "Google.Protobuf": {
        "type": "Transitive",
        "resolved": "3.28.3",
        "contentHash": "OewySX3aQCdKfMJsj2DzBMXQJPI+lm0CBzamU9ViFu3CU9tXYrQWqJ1CZ+/UWtkwOjUeIzbXmoOjRc7B8pbMrA=="
      },
      "Grpc.Core.Api": {
        "type": "Transitive",
        "resolved": "2.66.0",
        "contentHash": "HsjsQVAHe4hqP4t4rpUnmq+MZvPdyrlPsWF4T5fbMvyP3o/lMV+KVJfDlaNH8+v0aGQTVT3EsDFufbhaWb52cw=="
      },
      "Grpc.Net.Client": {
        "type": "Transitive",
        "resolved": "2.66.0",
        "contentHash": "GwkSsssXFgN9+M2U+UQWdErf61sn1iqgP+2NRBlDXATcP9vlxda0wySxd/eIL8U522+SnyFNUXlvQ5tAzGk9cA==",
        "dependencies": {
          "Grpc.Net.Common": "2.66.0",
          "Microsoft.Extensions.Logging.Abstractions": "6.0.0"
        }
      },
      "Grpc.Net.Common": {
        "type": "Transitive",
        "resolved": "2.66.0",
        "contentHash": "YJpQpIvpo0HKlsG6SHwaieyji08qfv0DdEDIewCAA0egQY08637sHOj1netLGUhzBEsCqlGC3e92TZ2uqhxnvw==",
        "dependencies": {
          "Grpc.Core.Api": "2.66.0"
        }
      },
      "Microsoft.Extensions.Logging.Abstractions": {
        "type": "Transitive",
        "resolved": "6.0.0",
        "contentHash": "/HggWBbTwy8TgebGSX5DBZ24ndhzi93sHUBDvP1IxbZD7FDokYzdAr6+vbWGjw2XAfR2EJ1sfKUotpjHnFWPxA=="
      },
      "gsa4linux.core": {
        "type": "Project",
        "dependencies": {
          "Google.Protobuf": "[3.28.3, )",
          "Grpc.Net.Client": "[2.66.0, )"
        }
      }
    }
  }
}