{
  "version": 1,
  "dependencies": {
    "net10.0": {
      "Google.Protobuf": {
        "type": "Direct",
        "requested": "[3.28.3, )",
        "resolved": "3.28.3",
        "contentHash": "OewySX3aQCdKfMJsj2DzBMXQJPI+lm0CBzamU9ViFu3CU9tXYrQWqJ1CZ+/UWtkwOjUeIzbXmoOjRc7B8pbMrA=="
      },
      "Grpc.Net.Client": {
        "type": "Direct",
        "requested": "[2.66.0, )",
        "resolved": "2.66.0",
        "contentHash": "GwkSsssXFgN9+M2U+UQWdErf61sn1iqgP+2NRBlDXATcP9vlxda0wySxd/eIL8U522+SnyFNUXlvQ5tAzGk9cA==",
        "dependencies": {
          "Grpc.Net.Common": "2.66.0",
          "Microsoft.Extensions.Logging.Abstractions": "6.0.0"
        }
      },
      "Grpc.Tools": {
        "type": "Direct",
        "requested": "[2.67.0, )",
        "resolved": "2.67.0",
        "contentHash": "AQwGGe1dhCWlO72dTW4XtZBsvE9+mHt5rUpVOPjX9Q6sYZZ0GFyqs+7DjFeulaHKjsOg7Wteob1oq7a++SJWgA=="
      },
      "Grpc.Core.Api": {
        "type": "Transitive",
        "resolved": "2.66.0",
        "contentHash": "HsjsQVAHe4hqP4t4rpUnmq+MZvPdyrlPsWF4T5fbMvyP3o/lMV+KVJfDlaNH8+v0aGQTVT3EsDFufbhaWb52cw=="
      },
      "Grpc.Net.Common": {
        "type": "Transitive",
        "resolved": "2.66.0",
        "contentHash": "YJpQpIvpo0HKlsG6SHwaieyji08qfv0DdEDIewCAA0egQY08637sHOj1netLGUhzBEsCqlGC3e92TZ2uqhxnvw==",
        "dependencies": {
          "Grpc.Core.Api": "2.66.0"
        }
      },
      "Microsoft.Extensions.Logging.Abstractions": {
        "type": "Transitive",
        "resolved": "6.0.0",
        "contentHash": "/HggWBbTwy8TgebGSX5DBZ24ndhzi93sHUBDvP1IxbZD7FDokYzdAr6+vbWGjw2XAfR2EJ1sfKUotpjHnFWPxA=="
      }
    }
  }
}